
Microsoft Visual Studio Solution File, Format Version 12.00
# Visual Studio Version 17
VisualStudioVersion = 17.5.33424.131
MinimumVisualStudioVersion = 10.0.40219.1
Project("{FAE04EC0-301F-11D3-BF4B-00C04F79EFBC}") = "LamahArchiveScan", "NewScan\LamahArchiveScan.csproj", "{10A4AF7D-B37C-4244-A4E8-4DE7495E51EE}"
EndProject
Project("{54435603-DBB4-11D2-8724-00A0C9A8B90C}") = "Scan_App_SetUp", "Scan_App_SetUp\Scan_App_SetUp.vdproj", "{40DFF47C-9E5E-448E-A030-A2AB17FE7CFC}"
EndProject
Project("{54435603-DBB4-11D2-8724-00A0C9A8B90C}") = "Setup", "Setup\Setup.vdproj", "{C6549BED-8806-42F9-A52E-C4362DAB5067}"
EndProject
Global
	GlobalSection(SolutionConfigurationPlatforms) = preSolution
		Debug|Any CPU = Debug|Any CPU
		Release|Any CPU = Release|Any CPU
	EndGlobalSection
	GlobalSection(ProjectConfigurationPlatforms) = postSolution
		{10A4AF7D-B37C-4244-A4E8-4DE7495E51EE}.Debug|Any CPU.ActiveCfg = Debug|Any CPU
		{10A4AF7D-B37C-4244-A4E8-4DE7495E51EE}.Debug|Any CPU.Build.0 = Debug|Any CPU
		{10A4AF7D-B37C-4244-A4E8-4DE7495E51EE}.Release|Any CPU.ActiveCfg = Release|Any CPU
		{10A4AF7D-B37C-4244-A4E8-4DE7495E51EE}.Release|Any CPU.Build.0 = Release|Any CPU
		{40DFF47C-9E5E-448E-A030-A2AB17FE7CFC}.Debug|Any CPU.ActiveCfg = Debug
		{40DFF47C-9E5E-448E-A030-A2AB17FE7CFC}.Release|Any CPU.ActiveCfg = Release
		{C6549BED-8806-42F9-A52E-C4362DAB5067}.Debug|Any CPU.ActiveCfg = Debug
		{C6549BED-8806-42F9-A52E-C4362DAB5067}.Release|Any CPU.ActiveCfg = Release
	EndGlobalSection
	GlobalSection(SolutionProperties) = preSolution
		HideSolutionNode = FALSE
	EndGlobalSection
EndGlobal
